
Microsoft Visual Studio Solution File, Format Version 12.00
# Visual Studio Version 16
VisualStudioVersion = 16.0.29503.13
MinimumVisualStudioVersion = 10.0.40219.1
Project("{FAE04EC0-301F-11D3-BF4B-00C04F79EFBC}") = "poshScripts", "poshScripts.csproj", "{CC09E798-62E4-49C2-94D6-0A7C8CAB970A}"
EndProject
Global
	GlobalSection(SolutionConfigurationPlatforms) = preSolution
		Debug|Any CPU = Debug|Any CPU
		Release|Any CPU = Release|Any CPU
	EndGlobalSection
	GlobalSection(ProjectConfigurationPlatforms) = postSolution
		{CC09E798-62E4-49C2-94D6-0A7C8CAB970A}.Debug|Any CPU.ActiveCfg = Debug|Any CPU
		{CC09E798-62E4-49C2-94D6-0A7C8CAB970A}.Debug|Any CPU.Build.0 = Debug|Any CPU
		{CC09E798-62E4-49C2-94D6-0A7C8CAB970A}.Release|Any CPU.ActiveCfg = Release|Any CPU
		{CC09E798-62E4-49C2-94D6-0A7C8CAB970A}.Release|Any CPU.Build.0 = Release|Any CPU
	EndGlobalSection
	GlobalSection(SolutionProperties) = preSolution
		HideSolutionNode = FALSE
	EndGlobalSection
	GlobalSection(ExtensibilityGlobals) = postSolution
		SolutionGuid = {F18EBE3D-3445-49EF-B49A-1F5518A732F0}
	EndGlobalSection
EndGlobal
